// !$*UTF8*$!
{
	archiveVersion = 1;
	classes = {
	};
	objectVersion = 46;
	objects = {

/* Begin PBXBuildFile section */
		8C1324101CC3D8E000540047 /* AppDelegate.swift in Sources */ = {isa = PBXBuildFile; fileRef = 8C13240F1CC3D8E000540047 /* AppDelegate.swift */; };
		8C1324151CC3D8E000540047 /* Main.storyboard in Resources */ = {isa = PBXBuildFile; fileRef = 8C1324131CC3D8E000540047 /* Main.storyboard */; };
		8C1324171CC3D8E000540047 /* Assets.xcassets in Resources */ = {isa = PBXBuildFile; fileRef = 8C1324161CC3D8E000540047 /* Assets.xcassets */; };
		8C13241A1CC3D8E000540047 /* LaunchScreen.storyboard in Resources */ = {isa = PBXBuildFile; fileRef = 8C1324181CC3D8E000540047 /* LaunchScreen.storyboard */; };
		8C1324251CC3D8E000540047 /* AVCamSampleTests.swift in Sources */ = {isa = PBXBuildFile; fileRef = 8C1324241CC3D8E000540047 /* AVCamSampleTests.swift */; };
		8C1324301CC3D8E000540047 /* AVCamSampleUITests.swift in Sources */ = {isa = PBXBuildFile; fileRef = 8C13242F1CC3D8E000540047 /* AVCamSampleUITests.swift */; };
		8C1324401CC3D95800540047 /* PreviewView.swift in Sources */ = {isa = PBXBuildFile; fileRef = 8C13243F1CC3D95800540047 /* PreviewView.swift */; };
		8C1324421CC3D98C00540047 /* AVFoundation.framework in Frameworks */ = {isa = PBXBuildFile; fileRef = 8C1324411CC3D98C00540047 /* AVFoundation.framework */; };
		8C1324441CC3DCF600540047 /* CameraViewController.swift in Sources */ = {isa = PBXBuildFile; fileRef = 8C1324431CC3DCF600540047 /* CameraViewController.swift */; };
/* End PBXBuildFile section */

/* Begin PBXContainerItemProxy section */
		8C1324211CC3D8E000540047 /* PBXContainerItemProxy */ = {
			isa = PBXContainerItemProxy;
			containerPortal = 8C1324041CC3D8E000540047 /* Project object */;
			proxyType = 1;
			remoteGlobalIDString = 8C13240B1CC3D8E000540047;
			remoteInfo = AVCamSample;
		};
		8C13242C1CC3D8E000540047 /* PBXContainerItemProxy */ = {
			isa = PBXContainerItemProxy;
			containerPortal = 8C1324041CC3D8E000540047 /* Project object */;
			proxyType = 1;
			remoteGlobalIDString = 8C13240B1CC3D8E000540047;
			remoteInfo = AVCamSample;
		};
/* End PBXContainerItemProxy section */

/* Begin PBXFileReference section */
		8C13240C1CC3D8E000540047 /* AVCamSample.app */ = {isa = PBXFileReference; explicitFileType = wrapper.application; includeInIndex = 0; path = AVCamSample.app; sourceTree = BUILT_PRODUCTS_DIR; };
		8C13240F1CC3D8E000540047 /* AppDelegate.swift */ = {isa = PBXFileReference; lastKnownFileType = sourcecode.swift; path = AppDelegate.swift; sourceTree = "<group>"; };
		8C1324141CC3D8E000540047 /* Base */ = {isa = PBXFileReference; lastKnownFileType = file.storyboard; name = Base; path = Base.lproj/Main.storyboard; sourceTree = "<group>"; };
		8C1324161CC3D8E000540047 /* Assets.xcassets */ = {isa = PBXFileReference; lastKnownFileType = folder.assetcatalog; path = Assets.xcassets; sourceTree = "<group>"; };
		8C1324191CC3D8E000540047 /* Base */ = {isa = PBXFileReference; lastKnownFileType = file.storyboard; name = Base; path = Base.lproj/LaunchScreen.storyboard; sourceTree = "<group>"; };
		8C13241B1CC3D8E000540047 /* Info.plist */ = {isa = PBXFileReference; lastKnownFileType = text.plist.xml; path = Info.plist; sourceTree = "<group>"; };
		8C1324201CC3D8E000540047 /* AVCamSampleTests.xctest */ = {isa = PBXFileReference; explicitFileType = wrapper.cfbundle; includeInIndex = 0; path = AVCamSampleTests.xctest; sourceTree = BUILT_PRODUCTS_DIR; };
		8C1324241CC3D8E000540047 /* AVCamSampleTests.swift */ = {isa = PBXFileReference; lastKnownFileType = sourcecode.swift; path = AVCamSampleTests.swift; sourceTree = "<group>"; };
		8C1324261CC3D8E000540047 /* Info.plist */ = {isa = PBXFileReference; lastKnownFileType = text.plist.xml; path = Info.plist; sourceTree = "<group>"; };
		8C13242B1CC3D8E000540047 /* AVCamSampleUITests.xctest */ = {isa = PBXFileReference; explicitFileType = wrapper.cfbundle; includeInIndex = 0; path = AVCamSampleUITests.xctest; sourceTree = BUILT_PRODUCTS_DIR; };
		8C13242F1CC3D8E000540047 /* AVCamSampleUITests.swift */ = {isa = PBXFileReference; lastKnownFileType = sourcecode.swift; path = AVCamSampleUITests.swift; sourceTree = "<group>"; };
		8C1324311CC3D8E000540047 /* Info.plist */ = {isa = PBXFileReference; lastKnownFileType = text.plist.xml; path = Info.plist; sourceTree = "<group>"; };
		8C13243F1CC3D95800540047 /* PreviewView.swift */ = {isa = PBXFileReference; fileEncoding = 4; lastKnownFileType = sourcecode.swift; name = PreviewView.swift; path = ../PreviewView.swift; sourceTree = "<group>"; };
		8C1324411CC3D98C00540047 /* AVFoundation.framework */ = {isa = PBXFileReference; lastKnownFileType = wrapper.framework; name = AVFoundation.framework; path = System/Library/Frameworks/AVFoundation.framework; sourceTree = SDKROOT; };
		8C1324431CC3DCF600540047 /* CameraViewController.swift */ = {isa = PBXFileReference; fileEncoding = 4; lastKnownFileType = sourcecode.swift; path = CameraViewController.swift; sourceTree = "<group>"; };
/* End PBXFileReference section */

/* Begin PBXFrameworksBuildPhase section */
		8C1324091CC3D8E000540047 /* Frameworks */ = {
			isa = PBXFrameworksBuildPhase;
			buildActionMask = 2147483647;
			files = (
				8C1324421CC3D98C00540047 /* AVFoundation.framework in Frameworks */,
			);
			runOnlyForDeploymentPostprocessing = 0;
		};
		8C13241D1CC3D8E000540047 /* Frameworks */ = {
			isa = PBXFrameworksBuildPhase;
			buildActionMask = 2147483647;
			files = (
			);
			runOnlyForDeploymentPostprocessing = 0;
		};
		8C1324281CC3D8E000540047 /* Frameworks */ = {
			isa = PBXFrameworksBuildPhase;
			buildActionMask = 2147483647;
			files = (
			);
			runOnlyForDeploymentPostprocessing = 0;
		};
/* End PBXFrameworksBuildPhase section */

/* Begin PBXGroup section */
		8C1324031CC3D8E000540047 = {
			isa = PBXGroup;
			children = (
				8C1324411CC3D98C00540047 /* AVFoundation.framework */,
				8C13240E1CC3D8E000540047 /* AVCamSample */,
				8C1324231CC3D8E000540047 /* AVCamSampleTests */,
				8C13242E1CC3D8E000540047 /* AVCamSampleUITests */,
				8C13240D1CC3D8E000540047 /* Products */,
			);
			sourceTree = "<group>";
		};
		8C13240D1CC3D8E000540047 /* Products */ = {
			isa = PBXGroup;
			children = (
				8C13240C1CC3D8E000540047 /* AVCamSample.app */,
				8C1324201CC3D8E000540047 /* AVCamSampleTests.xctest */,
				8C13242B1CC3D8E000540047 /* AVCamSampleUITests.xctest */,
			);
			name = Products;
			sourceTree = "<group>";
		};
		8C13240E1CC3D8E000540047 /* AVCamSample */ = {
			isa = PBXGroup;
			children = (
				8C13243F1CC3D95800540047 /* PreviewView.swift */,
				8C1324431CC3DCF600540047 /* CameraViewController.swift */,
				8C13240F1CC3D8E000540047 /* AppDelegate.swift */,
				8C1324131CC3D8E000540047 /* Main.storyboard */,
				8C1324161CC3D8E000540047 /* Assets.xcassets */,
				8C1324181CC3D8E000540047 /* LaunchScreen.storyboard */,
				8C13241B1CC3D8E000540047 /* Info.plist */,
			);
			path = AVCamSample;
			sourceTree = "<group>";
		};
		8C1324231CC3D8E000540047 /* AVCamSampleTests */ = {
			isa = PBXGroup;
			children = (
				8C1324241CC3D8E000540047 /* AVCamSampleTests.swift */,
				8C1324261CC3D8E000540047 /* Info.plist */,
			);
			path = AVCamSampleTests;
			sourceTree = "<group>";
		};
		8C13242E1CC3D8E000540047 /* AVCamSampleUITests */ = {
			isa = PBXGroup;
			children = (
				8C13242F1CC3D8E000540047 /* AVCamSampleUITests.swift */,
				8C1324311CC3D8E000540047 /* Info.plist */,
			);
			path = AVCamSampleUITests;
			sourceTree = "<group>";
		};
/* End PBXGroup section */

/* Begin PBXNativeTarget section */
		8C13240B1CC3D8E000540047 /* AVCamSample */ = {
			isa = PBXNativeTarget;
			buildConfigurationList = 8C1324341CC3D8E000540047 /* Build configuration list for PBXNativeTarget "AVCamSample" */;
			buildPhases = (
				8C1324081CC3D8E000540047 /* Sources */,
				8C1324091CC3D8E000540047 /* Frameworks */,
				8C13240A1CC3D8E000540047 /* Resources */,
			);
			buildRules = (
			);
			dependencies = (
			);
			name = AVCamSample;
			productName = AVCamSample;
			productReference = 8C13240C1CC3D8E000540047 /* AVCamSample.app */;
			productType = "com.apple.product-type.application";
		};
		8C13241F1CC3D8E000540047 /* AVCamSampleTests */ = {
			isa = PBXNativeTarget;
			buildConfigurationList = 8C1324371CC3D8E000540047 /* Build configuration list for PBXNativeTarget "AVCamSampleTests" */;
			buildPhases = (
				8C13241C1CC3D8E000540047 /* Sources */,
				8C13241D1CC3D8E000540047 /* Frameworks */,
				8C13241E1CC3D8E000540047 /* Resources */,
			);
			buildRules = (
			);
			dependencies = (
				8C1324221CC3D8E000540047 /* PBXTargetDependency */,
			);
			name = AVCamSampleTests;
			productName = AVCamSampleTests;
			productReference = 8C1324201CC3D8E000540047 /* AVCamSampleTests.xctest */;
			productType = "com.apple.product-type.bundle.unit-test";
		};
		8C13242A1CC3D8E000540047 /* AVCamSampleUITests */ = {
			isa = PBXNativeTarget;
			buildConfigurationList = 8C13243A1CC3D8E000540047 /* Build configuration list for PBXNativeTarget "AVCamSampleUITests" */;
			buildPhases = (
				8C1324271CC3D8E000540047 /* Sources */,
				8C1324281CC3D8E000540047 /* Frameworks */,
				8C1324291CC3D8E000540047 /* Resources */,
			);
			buildRules = (
			);
			dependencies = (
				8C13242D1CC3D8E000540047 /* PBXTargetDependency */,
			);
			name = AVCamSampleUITests;
			productName = AVCamSampleUITests;
			productReference = 8C13242B1CC3D8E000540047 /* AVCamSampleUITests.xctest */;
			productType = "com.apple.product-type.bundle.ui-testing";
		};
/* End PBXNativeTarget section */

/* Begin PBXProject section */
		8C1324041CC3D8E000540047 /* Project object */ = {
			isa = PBXProject;
			attributes = {
				LastSwiftUpdateCheck = 0730;
				LastUpgradeCheck = 0730;
				ORGANIZATIONNAME = "Masanori Kuze";
				TargetAttributes = {
					8C13240B1CC3D8E000540047 = {
						CreatedOnToolsVersion = 7.3;
					};
					8C13241F1CC3D8E000540047 = {
						CreatedOnToolsVersion = 7.3;
						TestTargetID = 8C13240B1CC3D8E000540047;
					};
					8C13242A1CC3D8E000540047 = {
						CreatedOnToolsVersion = 7.3;
						TestTargetID = 8C13240B1CC3D8E000540047;
					};
				};
			};
			buildConfigurationList = 8C1324071CC3D8E000540047 /* Build configuration list for PBXProject "AVCamSample" */;
			compatibilityVersion = "Xcode 3.2";
			developmentRegion = English;
			hasScannedForEncodings = 0;
			knownRegions = (
				en,
				Base,
			);
			mainGroup = 8C1324031CC3D8E000540047;
			productRefGroup = 8C13240D1CC3D8E000540047 /* Products */;
			projectDirPath = "";
			projectRoot = "";
			targets = (
				8C13240B1CC3D8E000540047 /* AVCamSample */,
				8C13241F1CC3D8E000540047 /* AVCamSampleTests */,
				8C13242A1CC3D8E000540047 /* AVCamSampleUITests */,
			);
		};
/* End PBXProject section */

/* Begin PBXResourcesBuildPhase section */
		8C13240A1CC3D8E000540047 /* Resources */ = {
			isa = PBXResourcesBuildPhase;
			buildActionMask = 2147483647;
			files = (
				8C13241A1CC3D8E000540047 /* LaunchScreen.storyboard in Resources */,
				8C1324171CC3D8E000540047 /* Assets.xcassets in Resources */,
				8C1324151CC3D8E000540047 /* Main.storyboard in Resources */,
			);
			runOnlyForDeploymentPostprocessing = 0;
		};
		8C13241E1CC3D8E000540047 /* Resources */ = {
			isa = PBXResourcesBuildPhase;
			buildActionMask = 2147483647;
			files = (
			);
			runOnlyForDeploymentPostprocessing = 0;
		};
		8C1324291CC3D8E000540047 /* Resources */ = {
			isa = PBXResourcesBuildPhase;
			buildActionMask = 2147483647;
			files = (
			);
			runOnlyForDeploymentPostprocessing = 0;
		};
/* End PBXResourcesBuildPhase section */

/* Begin PBXSourcesBuildPhase section */
		8C1324081CC3D8E000540047 /* Sources */ = {
			isa = PBXSourcesBuildPhase;
			buildActionMask = 2147483647;
			files = (
				8C1324441CC3DCF600540047 /* CameraViewController.swift in Sources */,
				8C1324101CC3D8E000540047 /* AppDelegate.swift in Sources */,
				8C1324401CC3D95800540047 /* PreviewView.swift in Sources */,
			);
			runOnlyForDeploymentPostprocessing = 0;
		};
		8C13241C1CC3D8E000540047 /* Sources */ = {
			isa = PBXSourcesBuildPhase;
			buildActionMask = 2147483647;
			files = (
				8C1324251CC3D8E000540047 /* AVCamSampleTests.swift in Sources */,
			);
			runOnlyForDeploymentPostprocessing = 0;
		};
		8C1324271CC3D8E000540047 /* Sources */ = {
			isa = PBXSourcesBuildPhase;
			buildActionMask = 2147483647;
			files = (
				8C1324301CC3D8E000540047 /* AVCamSampleUITests.swift in Sources */,
			);
			runOnlyForDeploymentPostprocessing = 0;
		};
/* End PBXSourcesBuildPhase section */

/* Begin PBXTargetDependency section */
		8C1324221CC3D8E000540047 /* PBXTargetDependency */ = {
			isa = PBXTargetDependency;
			target = 8C13240B1CC3D8E000540047 /* AVCamSample */;
			targetProxy = 8C1324211CC3D8E000540047 /* PBXContainerItemProxy */;
		};
		8C13242D1CC3D8E000540047 /* PBXTargetDependency */ = {
			isa = PBXTargetDependency;
			target = 8C13240B1CC3D8E000540047 /* AVCamSample */;
			targetProxy = 8C13242C1CC3D8E000540047 /* PBXContainerItemProxy */;
		};
/* End PBXTargetDependency section */

/* Begin PBXVariantGroup section */
		8C1324131CC3D8E000540047 /* Main.storyboard */ = {
			isa = PBXVariantGroup;
			children = (
				8C1324141CC3D8E000540047 /* Base */,
			);
			name = Main.storyboard;
			sourceTree = "<group>";
		};
		8C1324181CC3D8E000540047 /* LaunchScreen.storyboard */ = {
			isa = PBXVariantGroup;
			children = (
				8C1324191CC3D8E000540047 /* Base */,
			);
			name = LaunchScreen.storyboard;
			sourceTree = "<group>";
		};
/* End PBXVariantGroup section */

/* Begin XCBuildConfiguration section */
		8C1324321CC3D8E000540047 /* Debug */ = {
			isa = XCBuildConfiguration;
			buildSettings = {
				ALWAYS_SEARCH_USER_PATHS = NO;
				CLANG_ANALYZER_NONNULL = YES;
				CLANG_CXX_LANGUAGE_STANDARD = "gnu++0x";
				CLANG_CXX_LIBRARY = "libc++";
				CLANG_ENABLE_MODULES = YES;
				CLANG_ENABLE_OBJC_ARC = YES;
				CLANG_WARN_BOOL_CONVERSION = YES;
				CLANG_WARN_CONSTANT_CONVERSION = YES;
				CLANG_WARN_DIRECT_OBJC_ISA_USAGE = YES_ERROR;
				CLANG_WARN_EMPTY_BODY = YES;
				CLANG_WARN_ENUM_CONVERSION = YES;
				CLANG_WARN_INT_CONVERSION = YES;
				CLANG_WARN_OBJC_ROOT_CLASS = YES_ERROR;
				CLANG_WARN_UNREACHABLE_CODE = YES;
				CLANG_WARN__DUPLICATE_METHOD_MATCH = YES;
				"CODE_SIGN_IDENTITY[sdk=iphoneos*]" = "iPhone Developer";
				COPY_PHASE_STRIP = NO;
				DEBUG_INFORMATION_FORMAT = dwarf;
				ENABLE_STRICT_OBJC_MSGSEND = YES;
				ENABLE_TESTABILITY = YES;
				GCC_C_LANGUAGE_STANDARD = gnu99;
				GCC_DYNAMIC_NO_PIC = NO;
				GCC_NO_COMMON_BLOCKS = YES;
				GCC_OPTIMIZATION_LEVEL = 0;
				GCC_PREPROCESSOR_DEFINITIONS = (
					"DEBUG=1",
					"$(inherited)",
				);
				GCC_WARN_64_TO_32_BIT_CONVERSION = YES;
				GCC_WARN_ABOUT_RETURN_TYPE = YES_ERROR;
				GCC_WARN_UNDECLARED_SELECTOR = YES;
				GCC_WARN_UNINITIALIZED_AUTOS = YES_AGGRESSIVE;
				GCC_WARN_UNUSED_FUNCTION = YES;
				GCC_WARN_UNUSED_VARIABLE = YES;
				IPHONEOS_DEPLOYMENT_TARGET = 9.3;
				MTL_ENABLE_DEBUG_INFO = YES;
				ONLY_ACTIVE_ARCH = YES;
				SDKROOT = iphoneos;
				SWIFT_OPTIMIZATION_LEVEL = "-Onone";
			};
			name = Debug;
		};
		8C1324331CC3D8E000540047 /* Release */ = {
			isa = XCBuildConfiguration;
			buildSettings = {
				ALWAYS_SEARCH_USER_PATHS = NO;
				CLANG_ANALYZER_NONNULL = YES;
				CLANG_CXX_LANGUAGE_STANDARD = "gnu++0x";
				CLANG_CXX_LIBRARY = "libc++";
				CLANG_ENABLE_MODULES = YES;
				CLANG_ENABLE_OBJC_ARC = YES;
				CLANG_WARN_BOOL_CONVERSION = YES;
				CLANG_WARN_CONSTANT_CONVERSION = YES;
				CLANG_WARN_DIRECT_OBJC_ISA_USAGE = YES_ERROR;
				CLANG_WARN_EMPTY_BODY = YES;
				CLANG_WARN_ENUM_CONVERSION = YES;
				CLANG_WARN_INT_CONVERSION = YES;
				CLANG_WARN_OBJC_ROOT_CLASS = YES_ERROR;
				CLANG_WARN_UNREACHABLE_CODE = YES;
				CLANG_WARN__DUPLICATE_METHOD_MATCH = YES;
				"CODE_SIGN_IDENTITY[sdk=iphoneos*]" = "iPhone Developer";
				COPY_PHASE_STRIP = NO;
				DEBUG_INFORMATION_FORMAT = "dwarf-with-dsym";
				ENABLE_NS_ASSERTIONS = NO;
				ENABLE_STRICT_OBJC_MSGSEND = YES;
				GCC_C_LANGUAGE_STANDARD = gnu99;
				GCC_NO_COMMON_BLOCKS = YES;
				GCC_WARN_64_TO_32_BIT_CONVERSION = YES;
				GCC_WARN_ABOUT_RETURN_TYPE = YES_ERROR;
				GCC_WARN_UNDECLARED_SELECTOR = YES;
				GCC_WARN_UNINITIALIZED_AUTOS = YES_AGGRESSIVE;
				GCC_WARN_UNUSED_FUNCTION = YES;
				GCC_WARN_UNUSED_VARIABLE = YES;
				IPHONEOS_DEPLOYMENT_TARGET = 9.3;
				MTL_ENABLE_DEBUG_INFO = NO;
				SDKROOT = iphoneos;
				VALIDATE_PRODUCT = YES;
			};
			name = Release;
		};
		8C1324351CC3D8E000540047 /* Debug */ = {
			isa = XCBuildConfiguration;
			buildSettings = {
				ASSETCATALOG_COMPILER_APPICON_NAME = AppIcon;
				INFOPLIST_FILE = AVCamSample/Info.plist;
				LD_RUNPATH_SEARCH_PATHS = "$(inherited) @executable_path/Frameworks";
				PRODUCT_BUNDLE_IDENTIFIER = jp.blogspot.rnsm504.AVCamSample;
				PRODUCT_NAME = "$(TARGET_NAME)";
			};
			name = Debug;
		};
		8C1324361CC3D8E000540047 /* Release */ = {
			isa = XCBuildConfiguration;
			buildSettings = {
				ASSETCATALOG_COMPILER_APPICON_NAME = AppIcon;
				INFOPLIST_FILE = AVCamSample/Info.plist;
				LD_RUNPATH_SEARCH_PATHS = "$(inherited) @executable_path/Frameworks";
				PRODUCT_BUNDLE_IDENTIFIER = jp.blogspot.rnsm504.AVCamSample;
				PRODUCT_NAME = "$(TARGET_NAME)";
			};
			name = Release;
		};
		8C1324381CC3D8E000540047 /* Debug */ = {
			isa = XCBuildConfiguration;
			buildSettings = {
				BUNDLE_LOADER = "$(TEST_HOST)";
				INFOPLIST_FILE = AVCamSampleTests/Info.plist;
				LD_RUNPATH_SEARCH_PATHS = "$(inherited) @executable_path/Frameworks @loader_path/Frameworks";
				PRODUCT_BUNDLE_IDENTIFIER = jp.blogspot.rnsm504.AVCamSampleTests;
				PRODUCT_NAME = "$(TARGET_NAME)";
				TEST_HOST = "$(BUILT_PRODUCTS_DIR)/AVCamSample.app/AVCamSample";
			};
			name = Debug;
		};
		8C1324391CC3D8E000540047 /* Release */ = {
			isa = XCBuildConfiguration;
			buildSettings = {
				BUNDLE_LOADER = "$(TEST_HOST)";
				INFOPLIST_FILE = AVCamSampleTests/Info.plist;
				LD_RUNPATH_SEARCH_PATHS = "$(inherited) @executable_path/Frameworks @loader_path/Frameworks";
				PRODUCT_BUNDLE_IDENTIFIER = jp.blogspot.rnsm504.AVCamSampleTests;
				PRODUCT_NAME = "$(TARGET_NAME)";
				TEST_HOST = "$(BUILT_PRODUCTS_DIR)/AVCamSample.app/AVCamSample";
			};
			name = Release;
		};
		8C13243B1CC3D8E000540047 /* Debug */ = {
			isa = XCBuildConfiguration;
			buildSettings = {
				INFOPLIST_FILE = AVCamSampleUITests/Info.plist;
				LD_RUNPATH_SEARCH_PATHS = "$(inherited) @executable_path/Frameworks @loader_path/Frameworks";
				PRODUCT_BUNDLE_IDENTIFIER = jp.blogspot.rnsm504.AVCamSampleUITests;
				PRODUCT_NAME = "$(TARGET_NAME)";
				TEST_TARGET_NAME = AVCamSample;
			};
			name = Debug;
		};
		8C13243C1CC3D8E000540047 /* Release */ = {
			isa = XCBuildConfiguration;
			buildSettings = {
				INFOPLIST_FILE = AVCamSampleUITests/Info.plist;
				LD_RUNPATH_SEARCH_PATHS = "$(inherited) @executable_path/Frameworks @loader_path/Frameworks";
				PRODUCT_BUNDLE_IDENTIFIER = jp.blogspot.rnsm504.AVCamSampleUITests;
				PRODUCT_NAME = "$(TARGET_NAME)";
				TEST_TARGET_NAME = AVCamSample;
			};
			name = Release;
		};
/* End XCBuildConfiguration section */

/* Begin XCConfigurationList section */
		8C1324071CC3D8E000540047 /* Build configuration list for PBXProject "AVCamSample" */ = {
			isa = XCConfigurationList;
			buildConfigurations = (
				8C1324321CC3D8E000540047 /* Debug */,
				8C1324331CC3D8E000540047 /* Release */,
			);
			defaultConfigurationIsVisible = 0;
			defaultConfigurationName = Release;
		};
		8C1324341CC3D8E000540047 /* Build configuration list for PBXNativeTarget "AVCamSample" */ = {
			isa = XCConfigurationList;
			buildConfigurations = (
				8C1324351CC3D8E000540047 /* Debug */,
				8C1324361CC3D8E000540047 /* Release */,
			);
			defaultConfigurationIsVisible = 0;
		};
		8C1324371CC3D8E000540047 /* Build configuration list for PBXNativeTarget "AVCamSampleTests" */ = {
			isa = XCConfigurationList;
			buildConfigurations = (
				8C1324381CC3D8E000540047 /* Debug */,
				8C1324391CC3D8E000540047 /* Release */,
			);
			defaultConfigurationIsVisible = 0;
		};
		8C13243A1CC3D8E000540047 /* Build configuration list for PBXNativeTarget "AVCamSampleUITests" */ = {
			isa = XCConfigurationList;
			buildConfigurations = (
				8C13243B1CC3D8E000540047 /* Debug */,
				8C13243C1CC3D8E000540047 /* Release */,
			);
			defaultConfigurationIsVisible = 0;
		};
/* End XCConfigurationList section */
	};
	rootObject = 8C1324041CC3D8E000540047 /* Project object */;
}
